
Microsoft Visual Studio Solution File, Format Version 12.00
# Visual Studio 14
VisualStudioVersion = 14.0.24720.0
MinimumVisualStudioVersion = 10.0.40219.1
Project("{FAE04EC0-301F-11D3-BF4B-00C04F79EFBC}") = "test11.Droid", "test11\test11.Droid\test11.Droid.csproj", "{7B78F95A-084E-44CA-9E22-2A11FA48B67A}"
EndProject
Project("{FAE04EC0-301F-11D3-BF4B-00C04F79EFBC}") = "test11.iOS", "test11\test11.iOS\test11.iOS.csproj", "{16DF40FB-8AA5-48AF-B0F3-B82AB7AFD140}"
EndProject
Project("{D954291E-2A0B-460D-934E-DC6B0785DB48}") = "test11", "test11\test11\test11.shproj", "{C6397715-89AB-4B94-AB8C-8E92FACDFF41}"
EndProject
Global
	GlobalSection(SharedMSBuildProjectFiles) = preSolution
		test11\test11\test11.projitems*{c6397715-89ab-4b94-ab8c-8e92facdff41}*SharedItemsImports = 13
	EndGlobalSection
	GlobalSection(SolutionConfigurationPlatforms) = preSolution
		Ad-Hoc|Any CPU = Ad-Hoc|Any CPU
		Ad-Hoc|iPhone = Ad-Hoc|iPhone
		Ad-Hoc|iPhoneSimulator = Ad-Hoc|iPhoneSimulator
		AppStore|Any CPU = AppStore|Any CPU
		AppStore|iPhone = AppStore|iPhone
		AppStore|iPhoneSimulator = AppStore|iPhoneSimulator
		Debug|Any CPU = Debug|Any CPU
		Debug|iPhone = Debug|iPhone
		Debug|iPhoneSimulator = Debug|iPhoneSimulator
		Release|Any CPU = Release|Any CPU
		Release|iPhone = Release|iPhone
		Release|iPhoneSimulator = Release|iPhoneSimulator
	EndGlobalSection
	GlobalSection(ProjectConfigurationPlatforms) = postSolution
		{7B78F95A-084E-44CA-9E22-2A11FA48B67A}.Ad-Hoc|Any CPU.ActiveCfg = Release|Any CPU
		{7B78F95A-084E-44CA-9E22-2A11FA48B67A}.Ad-Hoc|Any CPU.Build.0 = Release|Any CPU
		{7B78F95A-084E-44CA-9E22-2A11FA48B67A}.Ad-Hoc|Any CPU.Deploy.0 = Release|Any CPU
		{7B78F95A-084E-44CA-9E22-2A11FA48B67A}.Ad-Hoc|iPhone.ActiveCfg = Release|Any CPU
		{7B78F95A-084E-44CA-9E22-2A11FA48B67A}.Ad-Hoc|iPhone.Build.0 = Release|Any CPU
		{7B78F95A-084E-44CA-9E22-2A11FA48B67A}.Ad-Hoc|iPhone.Deploy.0 = Release|Any CPU
		{7B78F95A-084E-44CA-9E22-2A11FA48B67A}.Ad-Hoc|iPhoneSimulator.ActiveCfg = Release|Any CPU
		{7B78F95A-084E-44CA-9E22-2A11FA48B67A}.Ad-Hoc|iPhoneSimulator.Build.0 = Release|Any CPU
		{7B78F95A-084E-44CA-9E22-2A11FA48B67A}.Ad-Hoc|iPhoneSimulator.Deploy.0 = Release|Any CPU
		{7B78F95A-084E-44CA-9E22-2A11FA48B67A}.AppStore|Any CPU.ActiveCfg = Release|Any CPU
		{7B78F95A-084E-44CA-9E22-2A11FA48B67A}.AppStore|Any CPU.Build.0 = Release|Any CPU
		{7B78F95A-084E-44CA-9E22-2A11FA48B67A}.AppStore|Any CPU.Deploy.0 = Release|Any CPU
		{7B78F95A-084E-44CA-9E22-2A11FA48B67A}.AppStore|iPhone.ActiveCfg = Release|Any CPU
		{7B78F95A-084E-44CA-9E22-2A11FA48B67A}.AppStore|iPhone.Build.0 = Release|Any CPU
		{7B78F95A-084E-44CA-9E22-2A11FA48B67A}.AppStore|iPhone.Deploy.0 = Release|Any CPU
		{7B78F95A-084E-44CA-9E22-2A11FA48B67A}.AppStore|iPhoneSimulator.ActiveCfg = Release|Any CPU
		{7B78F95A-084E-44CA-9E22-2A11FA48B67A}.AppStore|iPhoneSimulator.Build.0 = Release|Any CPU
		{7B78F95A-084E-44CA-9E22-2A11FA48B67A}.AppStore|iPhoneSimulator.Deploy.0 = Release|Any CPU
		{7B78F95A-084E-44CA-9E22-2A11FA48B67A}.Debug|Any CPU.ActiveCfg = Debug|Any CPU
		{7B78F95A-084E-44CA-9E22-2A11FA48B67A}.Debug|Any CPU.Build.0 = Debug|Any CPU
		{7B78F95A-084E-44CA-9E22-2A11FA48B67A}.Debug|Any CPU.Deploy.0 = Debug|Any CPU
		{7B78F95A-084E-44CA-9E22-2A11FA48B67A}.Debug|iPhone.ActiveCfg = Debug|Any CPU
		{7B78F95A-084E-44CA-9E22-2A11FA48B67A}.Debug|iPhone.Build.0 = Debug|Any CPU
		{7B78F95A-084E-44CA-9E22-2A11FA48B67A}.Debug|iPhone.Deploy.0 = Debug|Any CPU
		{7B78F95A-084E-44CA-9E22-2A11FA48B67A}.Debug|iPhoneSimulator.ActiveCfg = Debug|Any CPU
		{7B78F95A-084E-44CA-9E22-2A11FA48B67A}.Debug|iPhoneSimulator.Build.0 = Debug|Any CPU
		{7B78F95A-084E-44CA-9E22-2A11FA48B67A}.Debug|iPhoneSimulator.Deploy.0 = Debug|Any CPU
		{7B78F95A-084E-44CA-9E22-2A11FA48B67A}.Release|Any CPU.ActiveCfg = Release|Any CPU
		{7B78F95A-084E-44CA-9E22-2A11FA48B67A}.Release|Any CPU.Build.0 = Release|Any CPU
		{7B78F95A-084E-44CA-9E22-2A11FA48B67A}.Release|Any CPU.Deploy.0 = Release|Any CPU
		{7B78F95A-084E-44CA-9E22-2A11FA48B67A}.Release|iPhone.ActiveCfg = Release|Any CPU
		{7B78F95A-084E-44CA-9E22-2A11FA48B67A}.Release|iPhone.Build.0 = Release|Any CPU
		{7B78F95A-084E-44CA-9E22-2A11FA48B67A}.Release|iPhone.Deploy.0 = Release|Any CPU
		{7B78F95A-084E-44CA-9E22-2A11FA48B67A}.Release|iPhoneSimulator.ActiveCfg = Release|Any CPU
		{7B78F95A-084E-44CA-9E22-2A11FA48B67A}.Release|iPhoneSimulator.Build.0 = Release|Any CPU
		{7B78F95A-084E-44CA-9E22-2A11FA48B67A}.Release|iPhoneSimulator.Deploy.0 = Release|Any CPU
		{16DF40FB-8AA5-48AF-B0F3-B82AB7AFD140}.Ad-Hoc|Any CPU.ActiveCfg = Ad-Hoc|iPhone
		{16DF40FB-8AA5-48AF-B0F3-B82AB7AFD140}.Ad-Hoc|iPhone.ActiveCfg = Ad-Hoc|iPhone
		{16DF40FB-8AA5-48AF-B0F3-B82AB7AFD140}.Ad-Hoc|iPhone.Build.0 = Ad-Hoc|iPhone
		{16DF40FB-8AA5-48AF-B0F3-B82AB7AFD140}.Ad-Hoc|iPhoneSimulator.ActiveCfg = Ad-Hoc|iPhoneSimulator
		{16DF40FB-8AA5-48AF-B0F3-B82AB7AFD140}.Ad-Hoc|iPhoneSimulator.Build.0 = Ad-Hoc|iPhoneSimulator
		{16DF40FB-8AA5-48AF-B0F3-B82AB7AFD140}.AppStore|Any CPU.ActiveCfg = AppStore|iPhone
		{16DF40FB-8AA5-48AF-B0F3-B82AB7AFD140}.AppStore|iPhone.ActiveCfg = AppStore|iPhone
		{16DF40FB-8AA5-48AF-B0F3-B82AB7AFD140}.AppStore|iPhone.Build.0 = AppStore|iPhone
		{16DF40FB-8AA5-48AF-B0F3-B82AB7AFD140}.AppStore|iPhoneSimulator.ActiveCfg = AppStore|iPhoneSimulator
		{16DF40FB-8AA5-48AF-B0F3-B82AB7AFD140}.AppStore|iPhoneSimulator.Build.0 = AppStore|iPhoneSimulator
		{16DF40FB-8AA5-48AF-B0F3-B82AB7AFD140}.Debug|Any CPU.ActiveCfg = Debug|iPhone
		{16DF40FB-8AA5-48AF-B0F3-B82AB7AFD140}.Debug|iPhone.ActiveCfg = Debug|iPhone
		{16DF40FB-8AA5-48AF-B0F3-B82AB7AFD140}.Debug|iPhone.Build.0 = Debug|iPhone
		{16DF40FB-8AA5-48AF-B0F3-B82AB7AFD140}.Debug|iPhoneSimulator.ActiveCfg = Debug|iPhoneSimulator
		{16DF40FB-8AA5-48AF-B0F3-B82AB7AFD140}.Debug|iPhoneSimulator.Build.0 = Debug|iPhoneSimulator
		{16DF40FB-8AA5-48AF-B0F3-B82AB7AFD140}.Release|Any CPU.ActiveCfg = Release|iPhone
		{16DF40FB-8AA5-48AF-B0F3-B82AB7AFD140}.Release|iPhone.ActiveCfg = Release|iPhone
		{16DF40FB-8AA5-48AF-B0F3-B82AB7AFD140}.Release|iPhone.Build.0 = Release|iPhone
		{16DF40FB-8AA5-48AF-B0F3-B82AB7AFD140}.Release|iPhoneSimulator.ActiveCfg = Release|iPhoneSimulator
		{16DF40FB-8AA5-48AF-B0F3-B82AB7AFD140}.Release|iPhoneSimulator.Build.0 = Release|iPhoneSimulator
	EndGlobalSection
	GlobalSection(SolutionProperties) = preSolution
		HideSolutionNode = FALSE
	EndGlobalSection
EndGlobal
